
Microsoft Visual Studio Solution File, Format Version 12.00
# Visual Studio Version 16
VisualStudioVersion = 16.0.28803.156
MinimumVisualStudioVersion = 10.0.40219.1
Project("{FAE04EC0-301F-11D3-BF4B-00C04F79EFBC}") = "TestMVCProject", "TestMVCProject\TestMVCProject.csproj", "{29E510DE-3231-43AA-93CA-E8118FFE71E6}"
EndProject
Project("{FAE04EC0-301F-11D3-BF4B-00C04F79EFBC}") = "TestMVCProject.Proxy", "TestMVCProject.Proxy\TestMVCProject.Proxy.csproj", "{EDA45E8A-B71B-4607-A7BB-C02B3B0F782A}"
EndProject
Global
	GlobalSection(SolutionConfigurationPlatforms) = preSolution
		Debug|Any CPU = Debug|Any CPU
		Release|Any CPU = Release|Any CPU
	EndGlobalSection
	GlobalSection(ProjectConfigurationPlatforms) = postSolution
		{29E510DE-3231-43AA-93CA-E8118FFE71E6}.Debug|Any CPU.ActiveCfg = Debug|Any CPU
		{29E510DE-3231-43AA-93CA-E8118FFE71E6}.Debug|Any CPU.Build.0 = Debug|Any CPU
		{29E510DE-3231-43AA-93CA-E8118FFE71E6}.Release|Any CPU.ActiveCfg = Release|Any CPU
		{29E510DE-3231-43AA-93CA-E8118FFE71E6}.Release|Any CPU.Build.0 = Release|Any CPU
		{EDA45E8A-B71B-4607-A7BB-C02B3B0F782A}.Debug|Any CPU.ActiveCfg = Debug|Any CPU
		{EDA45E8A-B71B-4607-A7BB-C02B3B0F782A}.Debug|Any CPU.Build.0 = Debug|Any CPU
		{EDA45E8A-B71B-4607-A7BB-C02B3B0F782A}.Release|Any CPU.ActiveCfg = Release|Any CPU
		{EDA45E8A-B71B-4607-A7BB-C02B3B0F782A}.Release|Any CPU.Build.0 = Release|Any CPU
	EndGlobalSection
	GlobalSection(SolutionProperties) = preSolution
		HideSolutionNode = FALSE
	EndGlobalSection
	GlobalSection(ExtensibilityGlobals) = postSolution
		SolutionGuid = {7266550F-6EC7-412B-A006-866F07D16592}
	EndGlobalSection
EndGlobal
